{
  "requires": true,
  "lockfileVersion": 1,
  "dependencies": {
    "react-notifications-component": {
      "version": "4.0.1",
      "resolved": "https://registry.npmjs.org/react-notifications-component/-/react-notifications-component-4.0.1.tgz",
      "integrity": "sha512-NRBkWO19AsXmN0b8YQ0L12eoCAhrnmIZtGm77ATWSfQEXPL5PYSyeACpx7tePP+R2De9b0IP4yk9vY4TtzC02w=="
    }
  }
}
